
Microsoft Visual Studio Solution File, Format Version 12.00
# Visual Studio Version 16
VisualStudioVersion = 16.0.29709.97
MinimumVisualStudioVersion = 10.0.40219.1
Project("{FAE04EC0-301F-11D3-BF4B-00C04F79EFBC}") = "BookListCrudMvcWeb", "BookListCrudMvcWeb\BookListCrudMvcWeb.csproj", "{14948945-41EA-4CEE-B2C1-9EDB59B4D634}"
EndProject
Global
	GlobalSection(SolutionConfigurationPlatforms) = preSolution
		Debug|Any CPU = Debug|Any CPU
		Release|Any CPU = Release|Any CPU
	EndGlobalSection
	GlobalSection(ProjectConfigurationPlatforms) = postSolution
		{14948945-41EA-4CEE-B2C1-9EDB59B4D634}.Debug|Any CPU.ActiveCfg = Debug|Any CPU
		{14948945-41EA-4CEE-B2C1-9EDB59B4D634}.Debug|Any CPU.Build.0 = Debug|Any CPU
		{14948945-41EA-4CEE-B2C1-9EDB59B4D634}.Release|Any CPU.ActiveCfg = Release|Any CPU
		{14948945-41EA-4CEE-B2C1-9EDB59B4D634}.Release|Any CPU.Build.0 = Release|Any CPU
	EndGlobalSection
	GlobalSection(SolutionProperties) = preSolution
		HideSolutionNode = FALSE
	EndGlobalSection
	GlobalSection(ExtensibilityGlobals) = postSolution
		SolutionGuid = {3547876E-D6C3-471B-AF2B-3CCF1EA7CDC3}
	EndGlobalSection
EndGlobal
